{
  "name": "reverjs-demo",
  "version": "0.0.1",
  "lockfileVersion": 1,
  "requires": true,
  "dependencies": {
    "reverjs": {
      "version": "0.0.7",
      "resolved": "https://registry.npmjs.org/reverjs/-/reverjs-0.0.7.tgz",
      "integrity": "sha512-8fnnhhqRZAKmbpvi77Evxl65q9Ob+o7dXTn2En99fS1hl+gP0+5pY87sdTTIWkIBlxNWNCz+bH8A4LfWejXuZQ=="
    }
  }
}
