{
  "name": "reverjs-demo",
  "version": "0.0.1",
  "lockfileVersion": 1,
  "requires": true,
  "dependencies": {
    "reverjs": {
      "version": "0.0.8",
      "resolved": "https://registry.npmjs.org/reverjs/-/reverjs-0.0.8.tgz",
      "integrity": "sha512-2fkS18gL5J5I7wDuLQn07pX25ozHqp20ehbslA2mUBm7Q2OSJ8VytiZiwExCN4h6HDo8rLHi2sMS2cguqgO4sQ=="
    }
  }
}
